
Microsoft Visual Studio Solution File, Format Version 12.00
# Visual Studio Version 17
VisualStudioVersion = 17.5.33516.290
MinimumVisualStudioVersion = 10.0.40219.1
Project("{FAE04EC0-301F-11D3-BF4B-00C04F79EFBC}") = "POS_SYSTEM_Cecilia_Ukay_Ukay", "POS_SYSTEM_Cecilia_Ukay_Ukay\POS_SYSTEM_Cecilia_Ukay_Ukay.csproj", "{AD21133C-A88F-4E8B-8DDC-8ADD0054AE25}"
EndProject
Global
	GlobalSection(SolutionConfigurationPlatforms) = preSolution
		Debug|Any CPU = Debug|Any CPU
		Release|Any CPU = Release|Any CPU
	EndGlobalSection
	GlobalSection(ProjectConfigurationPlatforms) = postSolution
		{AD21133C-A88F-4E8B-8DDC-8ADD0054AE25}.Debug|Any CPU.ActiveCfg = Debug|Any CPU
		{AD21133C-A88F-4E8B-8DDC-8ADD0054AE25}.Debug|Any CPU.Build.0 = Debug|Any CPU
		{AD21133C-A88F-4E8B-8DDC-8ADD0054AE25}.Release|Any CPU.ActiveCfg = Release|Any CPU
		{AD21133C-A88F-4E8B-8DDC-8ADD0054AE25}.Release|Any CPU.Build.0 = Release|Any CPU
	EndGlobalSection
	GlobalSection(SolutionProperties) = preSolution
		HideSolutionNode = FALSE
	EndGlobalSection
	GlobalSection(ExtensibilityGlobals) = postSolution
		SolutionGuid = {FE2464B9-1773-4D78-BC8E-EBD4E2D91F06}
	EndGlobalSection
EndGlobal
